
Microsoft Visual Studio Solution File, Format Version 12.00
Project("{FAE04EC0-301F-11D3-BF4B-00C04F79EFBC}") = "Keycloak.Auth.Api", "Keycloak.Auth.Api\Keycloak.Auth.Api.csproj", "{30EF3F13-45AE-4C36-87FB-6FA1D04F5BA1}"
EndProject
Global
	GlobalSection(SolutionConfigurationPlatforms) = preSolution
		Debug|Any CPU = Debug|Any CPU
		Release|Any CPU = Release|Any CPU
	EndGlobalSection
	GlobalSection(ProjectConfigurationPlatforms) = postSolution
		{30EF3F13-45AE-4C36-87FB-6FA1D04F5BA1}.Debug|Any CPU.ActiveCfg = Debug|Any CPU
		{30EF3F13-45AE-4C36-87FB-6FA1D04F5BA1}.Debug|Any CPU.Build.0 = Debug|Any CPU
		{30EF3F13-45AE-4C36-87FB-6FA1D04F5BA1}.Release|Any CPU.ActiveCfg = Release|Any CPU
		{30EF3F13-45AE-4C36-87FB-6FA1D04F5BA1}.Release|Any CPU.Build.0 = Release|Any CPU
	EndGlobalSection
EndGlobal
